
Microsoft Visual Studio Solution File, Format Version 12.00
# Visual Studio Version 16
VisualStudioVersion = 16.0.28922.388
MinimumVisualStudioVersion = 10.0.40219.1
Project("{FAE04EC0-301F-11D3-BF4B-00C04F79EFBC}") = "QuickReach.ECommerce.Test", "QuickReach.ECommerce.Test\QuickReach.ECommerce.Test.csproj", "{2D5DC45C-CB78-4936-A91F-81E5C3DB80F9}"
EndProject
Project("{FAE04EC0-301F-11D3-BF4B-00C04F79EFBC}") = "QuickReach.ECommerce", "QuickReach.ECommerce\QuickReach.ECommerce.csproj", "{CF4D7499-9FA2-4C4D-8BD6-FACB38308F55}"
EndProject
Global
	GlobalSection(SolutionConfigurationPlatforms) = preSolution
		Debug|Any CPU = Debug|Any CPU
		Release|Any CPU = Release|Any CPU
	EndGlobalSection
	GlobalSection(ProjectConfigurationPlatforms) = postSolution
		{2D5DC45C-CB78-4936-A91F-81E5C3DB80F9}.Debug|Any CPU.ActiveCfg = Debug|Any CPU
		{2D5DC45C-CB78-4936-A91F-81E5C3DB80F9}.Debug|Any CPU.Build.0 = Debug|Any CPU
		{2D5DC45C-CB78-4936-A91F-81E5C3DB80F9}.Release|Any CPU.ActiveCfg = Release|Any CPU
		{2D5DC45C-CB78-4936-A91F-81E5C3DB80F9}.Release|Any CPU.Build.0 = Release|Any CPU
		{CF4D7499-9FA2-4C4D-8BD6-FACB38308F55}.Debug|Any CPU.ActiveCfg = Debug|Any CPU
		{CF4D7499-9FA2-4C4D-8BD6-FACB38308F55}.Debug|Any CPU.Build.0 = Debug|Any CPU
		{CF4D7499-9FA2-4C4D-8BD6-FACB38308F55}.Release|Any CPU.ActiveCfg = Release|Any CPU
		{CF4D7499-9FA2-4C4D-8BD6-FACB38308F55}.Release|Any CPU.Build.0 = Release|Any CPU
	EndGlobalSection
	GlobalSection(SolutionProperties) = preSolution
		HideSolutionNode = FALSE
	EndGlobalSection
	GlobalSection(ExtensibilityGlobals) = postSolution
		SolutionGuid = {35701E33-5537-4A6B-9036-119643188DC6}
	EndGlobalSection
EndGlobal
